
Microsoft Visual Studio Solution File, Format Version 12.00
# Visual Studio Version 17
VisualStudioVersion = 17.0.31903.59
MinimumVisualStudioVersion = 10.0.40219.1
Project("{FAE04EC0-301F-11D3-BF4B-00C04F79EFBC}") = "NewtonGamingStation.Domain", "src\NewtonGamingStation.Domain\NewtonGamingStation.Domain.csproj", "{98B8FC4E-9E47-4285-9CC4-58D167BE14FC}"
EndProject
Project("{FAE04EC0-301F-11D3-BF4B-00C04F79EFBC}") = "NewtonGamingStation.Application", "src\NewtonGamingStation.Application\NewtonGamingStation.Application.csproj", "{2614CB96-6F2E-4494-904C-FF7583C1745A}"
EndProject
Project("{FAE04EC0-301F-11D3-BF4B-00C04F79EFBC}") = "NewtonGamingStation.Infrastructure", "src\NewtonGamingStation.Infrastructure\NewtonGamingStation.Infrastructure.csproj", "{C93CB04A-ABDD-40F9-9116-90CC225EBC76}"
EndProject
Project("{FAE04EC0-301F-11D3-BF4B-00C04F79EFBC}") = "NewtonGamingStation.Api", "src\NewtonGamingStation.Api\NewtonGamingStation.Api.csproj", "{76149B01-6D21-472A-9E42-12BDB14934BC}"
EndProject
Project("{FAE04EC0-301F-11D3-BF4B-00C04F79EFBC}") = "NewtonGamingStation.UnitTests", "tests\NewtonGamingStation.UnitTests\NewtonGamingStation.UnitTests.csproj", "{B3718C7C-925C-4651-B489-A73D7664E05F}"
EndProject
Project("{FAE04EC0-301F-11D3-BF4B-00C04F79EFBC}") = "NewtonGamingStation.IntegrationTests", "tests\NewtonGamingStation.IntegrationTests\NewtonGamingStation.IntegrationTests.csproj", "{BD180B7E-B38C-4E10-BFA6-B5E433B64D02}"
EndProject
Global
	GlobalSection(SolutionConfigurationPlatforms) = preSolution
		Debug|Any CPU = Debug|Any CPU
		Release|Any CPU = Release|Any CPU
	EndGlobalSection
	GlobalSection(ProjectConfigurationPlatforms) = postSolution
		{98B8FC4E-9E47-4285-9CC4-58D167BE14FC}.Debug|Any CPU.ActiveCfg = Debug|Any CPU
		{98B8FC4E-9E47-4285-9CC4-58D167BE14FC}.Debug|Any CPU.Build.0 = Debug|Any CPU
		{98B8FC4E-9E47-4285-9CC4-58D167BE14FC}.Release|Any CPU.ActiveCfg = Release|Any CPU
		{98B8FC4E-9E47-4285-9CC4-58D167BE14FC}.Release|Any CPU.Build.0 = Release|Any CPU
		{2614CB96-6F2E-4494-904C-FF7583C1745A}.Debug|Any CPU.ActiveCfg = Debug|Any CPU
		{2614CB96-6F2E-4494-904C-FF7583C1745A}.Debug|Any CPU.Build.0 = Debug|Any CPU
		{2614CB96-6F2E-4494-904C-FF7583C1745A}.Release|Any CPU.ActiveCfg = Release|Any CPU
		{2614CB96-6F2E-4494-904C-FF7583C1745A}.Release|Any CPU.Build.0 = Release|Any CPU
		{C93CB04A-ABDD-40F9-9116-90CC225EBC76}.Debug|Any CPU.ActiveCfg = Debug|Any CPU
		{C93CB04A-ABDD-40F9-9116-90CC225EBC76}.Debug|Any CPU.Build.0 = Debug|Any CPU
		{C93CB04A-ABDD-40F9-9116-90CC225EBC76}.Release|Any CPU.ActiveCfg = Release|Any CPU
		{C93CB04A-ABDD-40F9-9116-90CC225EBC76}.Release|Any CPU.Build.0 = Release|Any CPU
		{76149B01-6D21-472A-9E42-12BDB14934BC}.Debug|Any CPU.ActiveCfg = Debug|Any CPU
		{76149B01-6D21-472A-9E42-12BDB14934BC}.Debug|Any CPU.Build.0 = Debug|Any CPU
		{76149B01-6D21-472A-9E42-12BDB14934BC}.Release|Any CPU.ActiveCfg = Release|Any CPU
		{76149B01-6D21-472A-9E42-12BDB14934BC}.Release|Any CPU.Build.0 = Release|Any CPU
		{B3718C7C-925C-4651-B489-A73D7664E05F}.Debug|Any CPU.ActiveCfg = Debug|Any CPU
		{B3718C7C-925C-4651-B489-A73D7664E05F}.Debug|Any CPU.Build.0 = Debug|Any CPU
		{B3718C7C-925C-4651-B489-A73D7664E05F}.Release|Any CPU.ActiveCfg = Release|Any CPU
		{B3718C7C-925C-4651-B489-A73D7664E05F}.Release|Any CPU.Build.0 = Release|Any CPU
		{BD180B7E-B38C-4E10-BFA6-B5E433B64D02}.Debug|Any CPU.ActiveCfg = Debug|Any CPU
		{BD180B7E-B38C-4E10-BFA6-B5E433B64D02}.Debug|Any CPU.Build.0 = Debug|Any CPU
		{BD180B7E-B38C-4E10-BFA6-B5E433B64D02}.Release|Any CPU.ActiveCfg = Release|Any CPU
		{BD180B7E-B38C-4E10-BFA6-B5E433B64D02}.Release|Any CPU.Build.0 = Release|Any CPU
	EndGlobalSection
	GlobalSection(SolutionProperties) = preSolution
		HideSolutionNode = FALSE
	EndGlobalSection
EndGlobal
